
Microsoft Visual Studio Solution File, Format Version 12.00
# Visual Studio 15
VisualStudioVersion = 15.0.27004.2009
MinimumVisualStudioVersion = 10.0.40219.1
Project("{8BC9CEB8-8B4A-11D0-8D11-00A0C91BC942}") = "SFML_Project", "SFML_Project\SFML_Project.vcxproj", "{FF41FA4F-A781-4D1C-83D1-2F18D3EF5597}"
EndProject
Global
	GlobalSection(SolutionConfigurationPlatforms) = preSolution
		Debug|x64 = Debug|x64
		Debug|x86 = Debug|x86
		Release|x64 = Release|x64
		Release|x86 = Release|x86
	EndGlobalSection
	GlobalSection(ProjectConfigurationPlatforms) = postSolution
		{FF41FA4F-A781-4D1C-83D1-2F18D3EF5597}.Debug|x64.ActiveCfg = Debug|x64
		{FF41FA4F-A781-4D1C-83D1-2F18D3EF5597}.Debug|x64.Build.0 = Debug|x64
		{FF41FA4F-A781-4D1C-83D1-2F18D3EF5597}.Debug|x86.ActiveCfg = Debug|Win32
		{FF41FA4F-A781-4D1C-83D1-2F18D3EF5597}.Debug|x86.Build.0 = Debug|Win32
		{FF41FA4F-A781-4D1C-83D1-2F18D3EF5597}.Release|x64.ActiveCfg = Release|x64
		{FF41FA4F-A781-4D1C-83D1-2F18D3EF5597}.Release|x64.Build.0 = Release|x64
		{FF41FA4F-A781-4D1C-83D1-2F18D3EF5597}.Release|x86.ActiveCfg = Release|Win32
		{FF41FA4F-A781-4D1C-83D1-2F18D3EF5597}.Release|x86.Build.0 = Release|Win32
	EndGlobalSection
	GlobalSection(SolutionProperties) = preSolution
		HideSolutionNode = FALSE
	EndGlobalSection
	GlobalSection(ExtensibilityGlobals) = postSolution
		SolutionGuid = {64D589A9-6B56-46E2-88E2-D6CC48B60425}
	EndGlobalSection
EndGlobal
